
Microsoft Visual Studio Solution File, Format Version 12.00
# Visual Studio Version 17
VisualStudioVersion = 17.5.33424.131
MinimumVisualStudioVersion = 10.0.40219.1
Project("{FAE04EC0-301F-11D3-BF4B-00C04F79EFBC}") = "WindowsFormsApp2", "WindowsFormsApp2\WindowsFormsApp2.csproj", "{3D4E65EA-AE4F-4FB7-BC4B-D71D629258B8}"
EndProject
Global
	GlobalSection(SolutionConfigurationPlatforms) = preSolution
		Debug|Any CPU = Debug|Any CPU
		Release|Any CPU = Release|Any CPU
	EndGlobalSection
	GlobalSection(ProjectConfigurationPlatforms) = postSolution
		{3D4E65EA-AE4F-4FB7-BC4B-D71D629258B8}.Debug|Any CPU.ActiveCfg = Debug|Any CPU
		{3D4E65EA-AE4F-4FB7-BC4B-D71D629258B8}.Debug|Any CPU.Build.0 = Debug|Any CPU
		{3D4E65EA-AE4F-4FB7-BC4B-D71D629258B8}.Release|Any CPU.ActiveCfg = Release|Any CPU
		{3D4E65EA-AE4F-4FB7-BC4B-D71D629258B8}.Release|Any CPU.Build.0 = Release|Any CPU
	EndGlobalSection
	GlobalSection(SolutionProperties) = preSolution
		HideSolutionNode = FALSE
	EndGlobalSection
	GlobalSection(ExtensibilityGlobals) = postSolution
		SolutionGuid = {DC0F7CEF-2FC1-4F3E-9D28-FE82A4064D26}
	EndGlobalSection
EndGlobal
